
Microsoft Visual Studio Solution File, Format Version 12.00
# Visual Studio Version 17
VisualStudioVersion = 17.14.36017.23 d17.14
MinimumVisualStudioVersion = 10.0.40219.1
Project("{FAE04EC0-301F-11D3-BF4B-00C04F79EFBC}") = "MyCSharpMixerTest", "MyCSharpMixerTest\MyCSharpMixerTest.csproj", "{8B0C4C2B-D890-4CE2-8587-60090DAD816E}"
EndProject
Project("{FAE04EC0-301F-11D3-BF4B-00C04F79EFBC}") = "CapeOpen", "CapeOpen\CapeOpen.csproj", "{1C0C6F33-0F20-13CD-24A9-00902EDF1C81}"
EndProject
Global
	GlobalSection(SolutionConfigurationPlatforms) = preSolution
		Debug|Any CPU = Debug|Any CPU
		Release|Any CPU = Release|Any CPU
	EndGlobalSection
	GlobalSection(ProjectConfigurationPlatforms) = postSolution
		{8B0C4C2B-D890-4CE2-8587-60090DAD816E}.Debug|Any CPU.ActiveCfg = Debug|Any CPU
		{8B0C4C2B-D890-4CE2-8587-60090DAD816E}.Debug|Any CPU.Build.0 = Debug|Any CPU
		{8B0C4C2B-D890-4CE2-8587-60090DAD816E}.Release|Any CPU.ActiveCfg = Release|Any CPU
		{8B0C4C2B-D890-4CE2-8587-60090DAD816E}.Release|Any CPU.Build.0 = Release|Any CPU
		{1C0C6F33-0F20-13CD-24A9-00902EDF1C81}.Debug|Any CPU.ActiveCfg = Debug|Any CPU
		{1C0C6F33-0F20-13CD-24A9-00902EDF1C81}.Debug|Any CPU.Build.0 = Debug|Any CPU
		{1C0C6F33-0F20-13CD-24A9-00902EDF1C81}.Release|Any CPU.ActiveCfg = Release|Any CPU
		{1C0C6F33-0F20-13CD-24A9-00902EDF1C81}.Release|Any CPU.Build.0 = Release|Any CPU
	EndGlobalSection
	GlobalSection(SolutionProperties) = preSolution
		HideSolutionNode = FALSE
	EndGlobalSection
	GlobalSection(ExtensibilityGlobals) = postSolution
		SolutionGuid = {F30780F7-8C86-4A99-8A72-0D70B8401B24}
	EndGlobalSection
EndGlobal
