
Microsoft Visual Studio Solution File, Format Version 12.00
# Visual Studio Version 17
VisualStudioVersion = 17.14.36105.17
MinimumVisualStudioVersion = 10.0.40219.1
Project("{FAE04EC0-301F-11D3-BF4B-00C04F79EFBC}") = "MyMixerTest", "MyMixerTest\MyMixerTest.csproj", "{9127DBE2-4889-4B26-977D-354B10E450F9}"
EndProject
Project("{FAE04EC0-301F-11D3-BF4B-00C04F79EFBC}") = "CapeOpen", "CapeOpen\CapeOpen.csproj", "{61E5D458-AB32-4FE9-998D-6BB981B6F4DC}"
EndProject
Project("{54435603-DBB4-11D2-8724-00A0C9A8B90C}") = "MyMixerTestSetup", "MyMixerTestSetup\MyMixerTestSetup.vdproj", "{5BAE0C27-EC03-59FA-DAC6-D05F5801A8E7}"
EndProject
Global
	GlobalSection(SolutionConfigurationPlatforms) = preSolution
		Debug|Any CPU = Debug|Any CPU
		Release|Any CPU = Release|Any CPU
	EndGlobalSection
	GlobalSection(ProjectConfigurationPlatforms) = postSolution
		{9127DBE2-4889-4B26-977D-354B10E450F9}.Debug|Any CPU.ActiveCfg = Debug|Any CPU
		{9127DBE2-4889-4B26-977D-354B10E450F9}.Debug|Any CPU.Build.0 = Debug|Any CPU
		{9127DBE2-4889-4B26-977D-354B10E450F9}.Release|Any CPU.ActiveCfg = Release|Any CPU
		{9127DBE2-4889-4B26-977D-354B10E450F9}.Release|Any CPU.Build.0 = Release|Any CPU
		{61E5D458-AB32-4FE9-998D-6BB981B6F4DC}.Debug|Any CPU.ActiveCfg = Debug|Any CPU
		{61E5D458-AB32-4FE9-998D-6BB981B6F4DC}.Debug|Any CPU.Build.0 = Debug|Any CPU
		{61E5D458-AB32-4FE9-998D-6BB981B6F4DC}.Release|Any CPU.ActiveCfg = Release|Any CPU
		{61E5D458-AB32-4FE9-998D-6BB981B6F4DC}.Release|Any CPU.Build.0 = Release|Any CPU
		{5BAE0C27-EC03-59FA-DAC6-D05F5801A8E7}.Debug|Any CPU.ActiveCfg = Debug
		{5BAE0C27-EC03-59FA-DAC6-D05F5801A8E7}.Release|Any CPU.ActiveCfg = Release
	EndGlobalSection
	GlobalSection(SolutionProperties) = preSolution
		HideSolutionNode = FALSE
	EndGlobalSection
	GlobalSection(ExtensibilityGlobals) = postSolution
		SolutionGuid = {B561F6F3-72AE-42C2-9DB8-6AFF6999B74A}
	EndGlobalSection
EndGlobal
